// !$*UTF8*$!
{
	archiveVersion = 1;
	classes = {
	};
	objectVersion = 48;
	objects = {

/* Begin PBXBuildFile section */
		45D53689205C9F0E00EB8A85 /* AppDelegate.swift in Sources */ = {isa = PBXBuildFile; fileRef = 45D53688205C9F0E00EB8A85 /* AppDelegate.swift */; };
		45D53690205C9F0E00EB8A85 /* Assets.xcassets in Resources */ = {isa = PBXBuildFile; fileRef = 45D5368F205C9F0E00EB8A85 /* Assets.xcassets */; };
		45D53693205C9F0E00EB8A85 /* LaunchScreen.storyboard in Resources */ = {isa = PBXBuildFile; fileRef = 45D53691205C9F0E00EB8A85 /* LaunchScreen.storyboard */; };
		45D536A6205CA0D400EB8A85 /* Users.swift in Sources */ = {isa = PBXBuildFile; fileRef = 45D536A5205CA0D400EB8A85 /* Users.swift */; };
		45D536A8205CA0E300EB8A85 /* Acount.swift in Sources */ = {isa = PBXBuildFile; fileRef = 45D536A7205CA0E300EB8A85 /* Acount.swift */; };
		45D536AA205CA0F600EB8A85 /* TimeLineDao.swift in Sources */ = {isa = PBXBuildFile; fileRef = 45D536A9205CA0F600EB8A85 /* TimeLineDao.swift */; };
		45D536AC205CA10200EB8A85 /* Tweet.swift in Sources */ = {isa = PBXBuildFile; fileRef = 45D536AB205CA10200EB8A85 /* Tweet.swift */; };
		45D536AE205CA11F00EB8A85 /* TimeLineProvider.swift in Sources */ = {isa = PBXBuildFile; fileRef = 45D536AD205CA11F00EB8A85 /* TimeLineProvider.swift */; };
		45D536B0205CA13600EB8A85 /* TweetCell.swift in Sources */ = {isa = PBXBuildFile; fileRef = 45D536AF205CA13600EB8A85 /* TweetCell.swift */; };
		45D536B2205CA14400EB8A85 /* TimeLine.storyboard in Resources */ = {isa = PBXBuildFile; fileRef = 45D536B1205CA14400EB8A85 /* TimeLine.storyboard */; };
		45D536B4205CA16400EB8A85 /* TimeLineController.swift in Sources */ = {isa = PBXBuildFile; fileRef = 45D536B3205CA16400EB8A85 /* TimeLineController.swift */; };
		45D536B7205CA19C00EB8A85 /* Temp.m in Sources */ = {isa = PBXBuildFile; fileRef = 45D536B6205CA19C00EB8A85 /* Temp.m */; };
		BADE6BE5DA79A252BD767BC8 /* Pods_skillup_test_kawahara_0317.framework in Frameworks */ = {isa = PBXBuildFile; fileRef = 7AE997045521BD1039CA6BAD /* Pods_skillup_test_kawahara_0317.framework */; };
/* End PBXBuildFile section */

/* Begin PBXFileReference section */
		1916721968465CD8F1E53820 /* Pods-skillup_test_kawahara_0317.release.xcconfig */ = {isa = PBXFileReference; includeInIndex = 1; lastKnownFileType = text.xcconfig; name = "Pods-skillup_test_kawahara_0317.release.xcconfig"; path = "Pods/Target Support Files/Pods-skillup_test_kawahara_0317/Pods-skillup_test_kawahara_0317.release.xcconfig"; sourceTree = "<group>"; };
		45D53685205C9F0E00EB8A85 /* skillup_test_kawahara_0317.app */ = {isa = PBXFileReference; explicitFileType = wrapper.application; includeInIndex = 0; path = skillup_test_kawahara_0317.app; sourceTree = BUILT_PRODUCTS_DIR; };
		45D53688205C9F0E00EB8A85 /* AppDelegate.swift */ = {isa = PBXFileReference; lastKnownFileType = sourcecode.swift; path = AppDelegate.swift; sourceTree = "<group>"; };
		45D5368F205C9F0E00EB8A85 /* Assets.xcassets */ = {isa = PBXFileReference; lastKnownFileType = folder.assetcatalog; path = Assets.xcassets; sourceTree = "<group>"; };
		45D53692205C9F0E00EB8A85 /* Base */ = {isa = PBXFileReference; lastKnownFileType = file.storyboard; name = Base; path = Base.lproj/LaunchScreen.storyboard; sourceTree = "<group>"; };
		45D53694205C9F0E00EB8A85 /* Info.plist */ = {isa = PBXFileReference; lastKnownFileType = text.plist.xml; path = Info.plist; sourceTree = "<group>"; };
		45D536A5205CA0D400EB8A85 /* Users.swift */ = {isa = PBXFileReference; lastKnownFileType = sourcecode.swift; path = Users.swift; sourceTree = "<group>"; };
		45D536A7205CA0E300EB8A85 /* Acount.swift */ = {isa = PBXFileReference; lastKnownFileType = sourcecode.swift; path = Acount.swift; sourceTree = "<group>"; };
		45D536A9205CA0F600EB8A85 /* TimeLineDao.swift */ = {isa = PBXFileReference; lastKnownFileType = sourcecode.swift; path = TimeLineDao.swift; sourceTree = "<group>"; };
		45D536AB205CA10200EB8A85 /* Tweet.swift */ = {isa = PBXFileReference; lastKnownFileType = sourcecode.swift; path = Tweet.swift; sourceTree = "<group>"; };
		45D536AD205CA11F00EB8A85 /* TimeLineProvider.swift */ = {isa = PBXFileReference; lastKnownFileType = sourcecode.swift; path = TimeLineProvider.swift; sourceTree = "<group>"; };
		45D536AF205CA13600EB8A85 /* TweetCell.swift */ = {isa = PBXFileReference; lastKnownFileType = sourcecode.swift; path = TweetCell.swift; sourceTree = "<group>"; };
		45D536B1205CA14400EB8A85 /* TimeLine.storyboard */ = {isa = PBXFileReference; lastKnownFileType = file.storyboard; path = TimeLine.storyboard; sourceTree = "<group>"; };
		45D536B3205CA16400EB8A85 /* TimeLineController.swift */ = {isa = PBXFileReference; lastKnownFileType = sourcecode.swift; path = TimeLineController.swift; sourceTree = "<group>"; };
		45D536B5205CA19C00EB8A85 /* skillup_test_kawahara_0317-Bridging-Header.h */ = {isa = PBXFileReference; lastKnownFileType = sourcecode.c.h; path = "skillup_test_kawahara_0317-Bridging-Header.h"; sourceTree = "<group>"; };
		45D536B6205CA19C00EB8A85 /* Temp.m */ = {isa = PBXFileReference; lastKnownFileType = sourcecode.c.objc; path = Temp.m; sourceTree = "<group>"; };
		6F054A6BBEADBE11A6C99829 /* Pods-skillup_test_kawahara_0317.debug.xcconfig */ = {isa = PBXFileReference; includeInIndex = 1; lastKnownFileType = text.xcconfig; name = "Pods-skillup_test_kawahara_0317.debug.xcconfig"; path = "Pods/Target Support Files/Pods-skillup_test_kawahara_0317/Pods-skillup_test_kawahara_0317.debug.xcconfig"; sourceTree = "<group>"; };
		7AE997045521BD1039CA6BAD /* Pods_skillup_test_kawahara_0317.framework */ = {isa = PBXFileReference; explicitFileType = wrapper.framework; includeInIndex = 0; path = Pods_skillup_test_kawahara_0317.framework; sourceTree = BUILT_PRODUCTS_DIR; };
/* End PBXFileReference section */

/* Begin PBXFrameworksBuildPhase section */
		45D53682205C9F0E00EB8A85 /* Frameworks */ = {
			isa = PBXFrameworksBuildPhase;
			buildActionMask = 2147483647;
			files = (
				BADE6BE5DA79A252BD767BC8 /* Pods_skillup_test_kawahara_0317.framework in Frameworks */,
			);
			runOnlyForDeploymentPostprocessing = 0;
		};
/* End PBXFrameworksBuildPhase section */

/* Begin PBXGroup section */
		45D5367C205C9F0E00EB8A85 = {
			isa = PBXGroup;
			children = (
				45D53687205C9F0E00EB8A85 /* skillup_test_kawahara_0317 */,
				45D53686205C9F0E00EB8A85 /* Products */,
				9580C3DC1E1159A2346FCD44 /* Pods */,
				C088B131CD91B342190E0442 /* Frameworks */,
			);
			sourceTree = "<group>";
		};
		45D53686205C9F0E00EB8A85 /* Products */ = {
			isa = PBXGroup;
			children = (
				45D53685205C9F0E00EB8A85 /* skillup_test_kawahara_0317.app */,
			);
			name = Products;
			sourceTree = "<group>";
		};
		45D53687205C9F0E00EB8A85 /* skillup_test_kawahara_0317 */ = {
			isa = PBXGroup;
			children = (
				45D5369F205CA06C00EB8A85 /* Model */,
				45D5369E205CA06900EB8A85 /* View */,
				45D5369D205CA06600EB8A85 /* Controller */,
				45D5369C205CA06300EB8A85 /* Other */,
				45D5369B205CA06000EB8A85 /* StartUp */,
			);
			path = skillup_test_kawahara_0317;
			sourceTree = "<group>";
		};
		45D5369B205CA06000EB8A85 /* StartUp */ = {
			isa = PBXGroup;
			children = (
				45D53691205C9F0E00EB8A85 /* LaunchScreen.storyboard */,
			);
			path = StartUp;
			sourceTree = "<group>";
		};
		45D5369C205CA06300EB8A85 /* Other */ = {
			isa = PBXGroup;
			children = (
				45D53688205C9F0E00EB8A85 /* AppDelegate.swift */,
				45D5368F205C9F0E00EB8A85 /* Assets.xcassets */,
				45D53694205C9F0E00EB8A85 /* Info.plist */,
				45D536B6205CA19C00EB8A85 /* Temp.m */,
				45D536B5205CA19C00EB8A85 /* skillup_test_kawahara_0317-Bridging-Header.h */,
			);
			path = Other;
			sourceTree = "<group>";
		};
		45D5369D205CA06600EB8A85 /* Controller */ = {
			isa = PBXGroup;
			children = (
				45D536B1205CA14400EB8A85 /* TimeLine.storyboard */,
				45D536B3205CA16400EB8A85 /* TimeLineController.swift */,
			);
			path = Controller;
			sourceTree = "<group>";
		};
		45D5369E205CA06900EB8A85 /* View */ = {
			isa = PBXGroup;
			children = (
				45D536AD205CA11F00EB8A85 /* TimeLineProvider.swift */,
				45D536AF205CA13600EB8A85 /* TweetCell.swift */,
			);
			path = View;
			sourceTree = "<group>";
		};
		45D5369F205CA06C00EB8A85 /* Model */ = {
			isa = PBXGroup;
			children = (
				45D536A2205CA0AA00EB8A85 /* User */,
				45D536A1205CA0A700EB8A85 /* DAO */,
				45D536A0205CA0A500EB8A85 /* DTO */,
			);
			path = Model;
			sourceTree = "<group>";
		};
		45D536A0205CA0A500EB8A85 /* DTO */ = {
			isa = PBXGroup;
			children = (
				45D536AB205CA10200EB8A85 /* Tweet.swift */,
			);
			path = DTO;
			sourceTree = "<group>";
		};
		45D536A1205CA0A700EB8A85 /* DAO */ = {
			isa = PBXGroup;
			children = (
				45D536A9205CA0F600EB8A85 /* TimeLineDao.swift */,
			);
			path = DAO;
			sourceTree = "<group>";
		};
		45D536A2205CA0AA00EB8A85 /* User */ = {
			isa = PBXGroup;
			children = (
				45D536A5205CA0D400EB8A85 /* Users.swift */,
				45D536A7205CA0E300EB8A85 /* Acount.swift */,
			);
			path = User;
			sourceTree = "<group>";
		};
		9580C3DC1E1159A2346FCD44 /* Pods */ = {
			isa = PBXGroup;
			children = (
				6F054A6BBEADBE11A6C99829 /* Pods-skillup_test_kawahara_0317.debug.xcconfig */,
				1916721968465CD8F1E53820 /* Pods-skillup_test_kawahara_0317.release.xcconfig */,
			);
			name = Pods;
			sourceTree = "<group>";
		};
		C088B131CD91B342190E0442 /* Frameworks */ = {
			isa = PBXGroup;
			children = (
				7AE997045521BD1039CA6BAD /* Pods_skillup_test_kawahara_0317.framework */,
			);
			name = Frameworks;
			sourceTree = "<group>";
		};
/* End PBXGroup section */

/* Begin PBXNativeTarget section */
		45D53684205C9F0E00EB8A85 /* skillup_test_kawahara_0317 */ = {
			isa = PBXNativeTarget;
			buildConfigurationList = 45D53697205C9F0E00EB8A85 /* Build configuration list for PBXNativeTarget "skillup_test_kawahara_0317" */;
			buildPhases = (
				9920F98E05F8EE219AB40D81 /* [CP] Check Pods Manifest.lock */,
				45D53681205C9F0E00EB8A85 /* Sources */,
				45D53682205C9F0E00EB8A85 /* Frameworks */,
				45D53683205C9F0E00EB8A85 /* Resources */,
				100AC0760ADCF7929CDCBAD4 /* [CP] Embed Pods Frameworks */,
				5B448B830320A042743CC159 /* [CP] Copy Pods Resources */,
			);
			buildRules = (
			);
			dependencies = (
			);
			name = skillup_test_kawahara_0317;
			productName = skillup_test_kawahara_0317;
			productReference = 45D53685205C9F0E00EB8A85 /* skillup_test_kawahara_0317.app */;
			productType = "com.apple.product-type.application";
		};
/* End PBXNativeTarget section */

/* Begin PBXProject section */
		45D5367D205C9F0E00EB8A85 /* Project object */ = {
			isa = PBXProject;
			attributes = {
				LastSwiftUpdateCheck = 0920;
				LastUpgradeCheck = 0930;
				ORGANIZATIONNAME = kawaharadai;
				TargetAttributes = {
					45D53684205C9F0E00EB8A85 = {
						CreatedOnToolsVersion = 9.2;
						LastSwiftMigration = 0920;
						ProvisioningStyle = Automatic;
					};
				};
			};
			buildConfigurationList = 45D53680205C9F0E00EB8A85 /* Build configuration list for PBXProject "skillup_test_kawahara_0317" */;
			compatibilityVersion = "Xcode 8.0";
			developmentRegion = en;
			hasScannedForEncodings = 0;
			knownRegions = (
				en,
				Base,
			);
			mainGroup = 45D5367C205C9F0E00EB8A85;
			productRefGroup = 45D53686205C9F0E00EB8A85 /* Products */;
			projectDirPath = "";
			projectRoot = "";
			targets = (
				45D53684205C9F0E00EB8A85 /* skillup_test_kawahara_0317 */,
			);
		};
/* End PBXProject section */

/* Begin PBXResourcesBuildPhase section */
		45D53683205C9F0E00EB8A85 /* Resources */ = {
			isa = PBXResourcesBuildPhase;
			buildActionMask = 2147483647;
			files = (
				45D53693205C9F0E00EB8A85 /* LaunchScreen.storyboard in Resources */,
				45D536B2205CA14400EB8A85 /* TimeLine.storyboard in Resources */,
				45D53690205C9F0E00EB8A85 /* Assets.xcassets in Resources */,
			);
			runOnlyForDeploymentPostprocessing = 0;
		};
/* End PBXResourcesBuildPhase section */

/* Begin PBXShellScriptBuildPhase section */
		100AC0760ADCF7929CDCBAD4 /* [CP] Embed Pods Frameworks */ = {
			isa = PBXShellScriptBuildPhase;
			buildActionMask = 2147483647;
			files = (
			);
			inputPaths = (
				"${SRCROOT}/Pods/Target Support Files/Pods-skillup_test_kawahara_0317/Pods-skillup_test_kawahara_0317-frameworks.sh",
				"${BUILT_PRODUCTS_DIR}/Alamofire/Alamofire.framework",
				"${BUILT_PRODUCTS_DIR}/Kingfisher/Kingfisher.framework",
				"${BUILT_PRODUCTS_DIR}/SVProgressHUD/SVProgressHUD.framework",
				"${PODS_ROOT}/TwitterCore/iOS/TwitterCore.framework",
				"${PODS_ROOT}/TwitterKit/iOS/TwitterKit.framework",
			);
			name = "[CP] Embed Pods Frameworks";
			outputPaths = (
				"${TARGET_BUILD_DIR}/${FRAMEWORKS_FOLDER_PATH}/Alamofire.framework",
				"${TARGET_BUILD_DIR}/${FRAMEWORKS_FOLDER_PATH}/Kingfisher.framework",
				"${TARGET_BUILD_DIR}/${FRAMEWORKS_FOLDER_PATH}/SVProgressHUD.framework",
				"${TARGET_BUILD_DIR}/${FRAMEWORKS_FOLDER_PATH}/TwitterCore.framework",
				"${TARGET_BUILD_DIR}/${FRAMEWORKS_FOLDER_PATH}/TwitterKit.framework",
			);
			runOnlyForDeploymentPostprocessing = 0;
			shellPath = /bin/sh;
			shellScript = "\"${SRCROOT}/Pods/Target Support Files/Pods-skillup_test_kawahara_0317/Pods-skillup_test_kawahara_0317-frameworks.sh\"\n";
			showEnvVarsInLog = 0;
		};
		5B448B830320A042743CC159 /* [CP] Copy Pods Resources */ = {
			isa = PBXShellScriptBuildPhase;
			buildActionMask = 2147483647;
			files = (
			);
			inputPaths = (
				"${SRCROOT}/Pods/Target Support Files/Pods-skillup_test_kawahara_0317/Pods-skillup_test_kawahara_0317-resources.sh",
				"${PODS_ROOT}/TwitterKit/iOS/TwitterKit.framework/TwitterKitResources.bundle",
				"${PODS_ROOT}/TwitterKit/iOS/TwitterKit.framework/TwitterShareExtensionUIResources.bundle",
			);
			name = "[CP] Copy Pods Resources";
			outputPaths = (
				"${TARGET_BUILD_DIR}/${UNLOCALIZED_RESOURCES_FOLDER_PATH}",
			);
			runOnlyForDeploymentPostprocessing = 0;
			shellPath = /bin/sh;
			shellScript = "\"${SRCROOT}/Pods/Target Support Files/Pods-skillup_test_kawahara_0317/Pods-skillup_test_kawahara_0317-resources.sh\"\n";
			showEnvVarsInLog = 0;
		};
		9920F98E05F8EE219AB40D81 /* [CP] Check Pods Manifest.lock */ = {
			isa = PBXShellScriptBuildPhase;
			buildActionMask = 2147483647;
			files = (
			);
			inputPaths = (
				"${PODS_PODFILE_DIR_PATH}/Podfile.lock",
				"${PODS_ROOT}/Manifest.lock",
			);
			name = "[CP] Check Pods Manifest.lock";
			outputPaths = (
				"$(DERIVED_FILE_DIR)/Pods-skillup_test_kawahara_0317-checkManifestLockResult.txt",
			);
			runOnlyForDeploymentPostprocessing = 0;
			shellPath = /bin/sh;
			shellScript = "diff \"${PODS_PODFILE_DIR_PATH}/Podfile.lock\" \"${PODS_ROOT}/Manifest.lock\" > /dev/null\nif [ $? != 0 ] ; then\n    # print error to STDERR\n    echo \"error: The sandbox is not in sync with the Podfile.lock. Run 'pod install' or update your CocoaPods installation.\" >&2\n    exit 1\nfi\n# This output is used by Xcode 'outputs' to avoid re-running this script phase.\necho \"SUCCESS\" > \"${SCRIPT_OUTPUT_FILE_0}\"\n";
			showEnvVarsInLog = 0;
		};
/* End PBXShellScriptBuildPhase section */

/* Begin PBXSourcesBuildPhase section */
		45D53681205C9F0E00EB8A85 /* Sources */ = {
			isa = PBXSourcesBuildPhase;
			buildActionMask = 2147483647;
			files = (
				45D536AA205CA0F600EB8A85 /* TimeLineDao.swift in Sources */,
				45D536AE205CA11F00EB8A85 /* TimeLineProvider.swift in Sources */,
				45D536B0205CA13600EB8A85 /* TweetCell.swift in Sources */,
				45D536B4205CA16400EB8A85 /* TimeLineController.swift in Sources */,
				45D536B7205CA19C00EB8A85 /* Temp.m in Sources */,
				45D536A8205CA0E300EB8A85 /* Acount.swift in Sources */,
				45D536AC205CA10200EB8A85 /* Tweet.swift in Sources */,
				45D536A6205CA0D400EB8A85 /* Users.swift in Sources */,
				45D53689205C9F0E00EB8A85 /* AppDelegate.swift in Sources */,
			);
			runOnlyForDeploymentPostprocessing = 0;
		};
/* End PBXSourcesBuildPhase section */

/* Begin PBXVariantGroup section */
		45D53691205C9F0E00EB8A85 /* LaunchScreen.storyboard */ = {
			isa = PBXVariantGroup;
			children = (
				45D53692205C9F0E00EB8A85 /* Base */,
			);
			name = LaunchScreen.storyboard;
			sourceTree = "<group>";
		};
/* End PBXVariantGroup section */

/* Begin XCBuildConfiguration section */
		45D53695205C9F0E00EB8A85 /* Debug */ = {
			isa = XCBuildConfiguration;
			buildSettings = {
				ALWAYS_SEARCH_USER_PATHS = NO;
				CLANG_ANALYZER_NONNULL = YES;
				CLANG_ANALYZER_NUMBER_OBJECT_CONVERSION = YES_AGGRESSIVE;
				CLANG_CXX_LANGUAGE_STANDARD = "gnu++14";
				CLANG_CXX_LIBRARY = "libc++";
				CLANG_ENABLE_MODULES = YES;
				CLANG_ENABLE_OBJC_ARC = YES;
				CLANG_WARN_BLOCK_CAPTURE_AUTORELEASING = YES;
				CLANG_WARN_BOOL_CONVERSION = YES;
				CLANG_WARN_COMMA = YES;
				CLANG_WARN_CONSTANT_CONVERSION = YES;
				CLANG_WARN_DEPRECATED_OBJC_IMPLEMENTATIONS = YES;
				CLANG_WARN_DIRECT_OBJC_ISA_USAGE = YES_ERROR;
				CLANG_WARN_DOCUMENTATION_COMMENTS = YES;
				CLANG_WARN_EMPTY_BODY = YES;
				CLANG_WARN_ENUM_CONVERSION = YES;
				CLANG_WARN_INFINITE_RECURSION = YES;
				CLANG_WARN_INT_CONVERSION = YES;
				CLANG_WARN_NON_LITERAL_NULL_CONVERSION = YES;
				CLANG_WARN_OBJC_IMPLICIT_RETAIN_SELF = YES;
				CLANG_WARN_OBJC_LITERAL_CONVERSION = YES;
				CLANG_WARN_OBJC_ROOT_CLASS = YES_ERROR;
				CLANG_WARN_RANGE_LOOP_ANALYSIS = YES;
				CLANG_WARN_STRICT_PROTOTYPES = YES;
				CLANG_WARN_SUSPICIOUS_MOVE = YES;
				CLANG_WARN_UNGUARDED_AVAILABILITY = YES_AGGRESSIVE;
				CLANG_WARN_UNREACHABLE_CODE = YES;
				CLANG_WARN__DUPLICATE_METHOD_MATCH = YES;
				CODE_SIGN_IDENTITY = "iPhone Developer";
				COPY_PHASE_STRIP = NO;
				DEBUG_INFORMATION_FORMAT = dwarf;
				ENABLE_STRICT_OBJC_MSGSEND = YES;
				ENABLE_TESTABILITY = YES;
				GCC_C_LANGUAGE_STANDARD = gnu11;
				GCC_DYNAMIC_NO_PIC = NO;
				GCC_NO_COMMON_BLOCKS = YES;
				GCC_OPTIMIZATION_LEVEL = 0;
				GCC_PREPROCESSOR_DEFINITIONS = (
					"DEBUG=1",
					"$(inherited)",
				);
				GCC_WARN_64_TO_32_BIT_CONVERSION = YES;
				GCC_WARN_ABOUT_RETURN_TYPE = YES_ERROR;
				GCC_WARN_UNDECLARED_SELECTOR = YES;
				GCC_WARN_UNINITIALIZED_AUTOS = YES_AGGRESSIVE;
				GCC_WARN_UNUSED_FUNCTION = YES;
				GCC_WARN_UNUSED_VARIABLE = YES;
				IPHONEOS_DEPLOYMENT_TARGET = 11.2;
				MTL_ENABLE_DEBUG_INFO = YES;
				ONLY_ACTIVE_ARCH = YES;
				SDKROOT = iphoneos;
				SWIFT_ACTIVE_COMPILATION_CONDITIONS = DEBUG;
				SWIFT_OPTIMIZATION_LEVEL = "-Onone";
			};
			name = Debug;
		};
		45D53696205C9F0E00EB8A85 /* Release */ = {
			isa = XCBuildConfiguration;
			buildSettings = {
				ALWAYS_SEARCH_USER_PATHS = NO;
				CLANG_ANALYZER_NONNULL = YES;
				CLANG_ANALYZER_NUMBER_OBJECT_CONVERSION = YES_AGGRESSIVE;
				CLANG_CXX_LANGUAGE_STANDARD = "gnu++14";
				CLANG_CXX_LIBRARY = "libc++";
				CLANG_ENABLE_MODULES = YES;
				CLANG_ENABLE_OBJC_ARC = YES;
				CLANG_WARN_BLOCK_CAPTURE_AUTORELEASING = YES;
				CLANG_WARN_BOOL_CONVERSION = YES;
				CLANG_WARN_COMMA = YES;
				CLANG_WARN_CONSTANT_CONVERSION = YES;
				CLANG_WARN_DEPRECATED_OBJC_IMPLEMENTATIONS = YES;
				CLANG_WARN_DIRECT_OBJC_ISA_USAGE = YES_ERROR;
				CLANG_WARN_DOCUMENTATION_COMMENTS = YES;
				CLANG_WARN_EMPTY_BODY = YES;
				CLANG_WARN_ENUM_CONVERSION = YES;
				CLANG_WARN_INFINITE_RECURSION = YES;
				CLANG_WARN_INT_CONVERSION = YES;
				CLANG_WARN_NON_LITERAL_NULL_CONVERSION = YES;
				CLANG_WARN_OBJC_IMPLICIT_RETAIN_SELF = YES;
				CLANG_WARN_OBJC_LITERAL_CONVERSION = YES;
				CLANG_WARN_OBJC_ROOT_CLASS = YES_ERROR;
				CLANG_WARN_RANGE_LOOP_ANALYSIS = YES;
				CLANG_WARN_STRICT_PROTOTYPES = YES;
				CLANG_WARN_SUSPICIOUS_MOVE = YES;
				CLANG_WARN_UNGUARDED_AVAILABILITY = YES_AGGRESSIVE;
				CLANG_WARN_UNREACHABLE_CODE = YES;
				CLANG_WARN__DUPLICATE_METHOD_MATCH = YES;
				CODE_SIGN_IDENTITY = "iPhone Developer";
				COPY_PHASE_STRIP = NO;
				DEBUG_INFORMATION_FORMAT = "dwarf-with-dsym";
				ENABLE_NS_ASSERTIONS = NO;
				ENABLE_STRICT_OBJC_MSGSEND = YES;
				GCC_C_LANGUAGE_STANDARD = gnu11;
				GCC_NO_COMMON_BLOCKS = YES;
				GCC_WARN_64_TO_32_BIT_CONVERSION = YES;
				GCC_WARN_ABOUT_RETURN_TYPE = YES_ERROR;
				GCC_WARN_UNDECLARED_SELECTOR = YES;
				GCC_WARN_UNINITIALIZED_AUTOS = YES_AGGRESSIVE;
				GCC_WARN_UNUSED_FUNCTION = YES;
				GCC_WARN_UNUSED_VARIABLE = YES;
				IPHONEOS_DEPLOYMENT_TARGET = 11.2;
				MTL_ENABLE_DEBUG_INFO = NO;
				SDKROOT = iphoneos;
				SWIFT_OPTIMIZATION_LEVEL = "-Owholemodule";
				VALIDATE_PRODUCT = YES;
			};
			name = Release;
		};
		45D53698205C9F0E00EB8A85 /* Debug */ = {
			isa = XCBuildConfiguration;
			baseConfigurationReference = 6F054A6BBEADBE11A6C99829 /* Pods-skillup_test_kawahara_0317.debug.xcconfig */;
			buildSettings = {
				ASSETCATALOG_COMPILER_APPICON_NAME = AppIcon;
				CLANG_ENABLE_MODULES = YES;
				CODE_SIGN_STYLE = Automatic;
				DEVELOPMENT_TEAM = PCCZJUYRT6;
				INFOPLIST_FILE = "$(SRCROOT)/skillup_test_kawahara_0317/Other/Info.plist";
				LD_RUNPATH_SEARCH_PATHS = "$(inherited) @executable_path/Frameworks";
				PRODUCT_BUNDLE_IDENTIFIER = "com.kawahara.skillup-test-kawahara-03171";
				PRODUCT_NAME = "$(TARGET_NAME)";
				SWIFT_OBJC_BRIDGING_HEADER = "skillup_test_kawahara_0317/Other/skillup_test_kawahara_0317-Bridging-Header.h";
				SWIFT_OPTIMIZATION_LEVEL = "-Onone";
				SWIFT_VERSION = 4.0;
				TARGETED_DEVICE_FAMILY = "1,2";
			};
			name = Debug;
		};
		45D53699205C9F0E00EB8A85 /* Release */ = {
			isa = XCBuildConfiguration;
			baseConfigurationReference = 1916721968465CD8F1E53820 /* Pods-skillup_test_kawahara_0317.release.xcconfig */;
			buildSettings = {
				ASSETCATALOG_COMPILER_APPICON_NAME = AppIcon;
				CLANG_ENABLE_MODULES = YES;
				CODE_SIGN_STYLE = Automatic;
				DEVELOPMENT_TEAM = PCCZJUYRT6;
				INFOPLIST_FILE = "$(SRCROOT)/skillup_test_kawahara_0317/Other/Info.plist";
				LD_RUNPATH_SEARCH_PATHS = "$(inherited) @executable_path/Frameworks";
				PRODUCT_BUNDLE_IDENTIFIER = "com.kawahara.skillup-test-kawahara-03171";
				PRODUCT_NAME = "$(TARGET_NAME)";
				SWIFT_OBJC_BRIDGING_HEADER = "skillup_test_kawahara_0317/Other/skillup_test_kawahara_0317-Bridging-Header.h";
				SWIFT_VERSION = 4.0;
				TARGETED_DEVICE_FAMILY = "1,2";
			};
			name = Release;
		};
/* End XCBuildConfiguration section */

/* Begin XCConfigurationList section */
		45D53680205C9F0E00EB8A85 /* Build configuration list for PBXProject "skillup_test_kawahara_0317" */ = {
			isa = XCConfigurationList;
			buildConfigurations = (
				45D53695205C9F0E00EB8A85 /* Debug */,
				45D53696205C9F0E00EB8A85 /* Release */,
			);
			defaultConfigurationIsVisible = 0;
			defaultConfigurationName = Release;
		};
		45D53697205C9F0E00EB8A85 /* Build configuration list for PBXNativeTarget "skillup_test_kawahara_0317" */ = {
			isa = XCConfigurationList;
			buildConfigurations = (
				45D53698205C9F0E00EB8A85 /* Debug */,
				45D53699205C9F0E00EB8A85 /* Release */,
			);
			defaultConfigurationIsVisible = 0;
			defaultConfigurationName = Release;
		};
/* End XCConfigurationList section */
	};
	rootObject = 45D5367D205C9F0E00EB8A85 /* Project object */;
}
